
Microsoft Visual Studio Solution File, Format Version 12.00
# Visual Studio 15
VisualStudioVersion = 15.0.27703.2000
MinimumVisualStudioVersion = 10.0.40219.1
Project("{FAE04EC0-301F-11D3-BF4B-00C04F79EFBC}") = "LibraryService", "LibraryService\LibraryService.csproj", "{CFE4839D-743A-4969-B110-44DF10BDE659}"
EndProject
Project("{FAE04EC0-301F-11D3-BF4B-00C04F79EFBC}") = "Client", "Client\Client.csproj", "{92A31909-5A7E-44E2-B26E-3559EFBF5E79}"
	ProjectSection(ProjectDependencies) = postProject
		{CFE4839D-743A-4969-B110-44DF10BDE659} = {CFE4839D-743A-4969-B110-44DF10BDE659}
	EndProjectSection
EndProject
Global
	GlobalSection(SolutionConfigurationPlatforms) = preSolution
		Debug|Any CPU = Debug|Any CPU
		Release|Any CPU = Release|Any CPU
	EndGlobalSection
	GlobalSection(ProjectConfigurationPlatforms) = postSolution
		{CFE4839D-743A-4969-B110-44DF10BDE659}.Debug|Any CPU.ActiveCfg = Debug|Any CPU
		{CFE4839D-743A-4969-B110-44DF10BDE659}.Debug|Any CPU.Build.0 = Debug|Any CPU
		{CFE4839D-743A-4969-B110-44DF10BDE659}.Release|Any CPU.ActiveCfg = Release|Any CPU
		{CFE4839D-743A-4969-B110-44DF10BDE659}.Release|Any CPU.Build.0 = Release|Any CPU
		{92A31909-5A7E-44E2-B26E-3559EFBF5E79}.Debug|Any CPU.ActiveCfg = Debug|Any CPU
		{92A31909-5A7E-44E2-B26E-3559EFBF5E79}.Debug|Any CPU.Build.0 = Debug|Any CPU
		{92A31909-5A7E-44E2-B26E-3559EFBF5E79}.Release|Any CPU.ActiveCfg = Release|Any CPU
		{92A31909-5A7E-44E2-B26E-3559EFBF5E79}.Release|Any CPU.Build.0 = Release|Any CPU
	EndGlobalSection
	GlobalSection(SolutionProperties) = preSolution
		HideSolutionNode = FALSE
	EndGlobalSection
	GlobalSection(ExtensibilityGlobals) = postSolution
		SolutionGuid = {15D836BC-AFEB-4DEB-A9B6-F022724B43B5}
	EndGlobalSection
EndGlobal
